
Microsoft Visual Studio Solution File, Format Version 12.00
# Visual Studio Version 16
VisualStudioVersion = 16.0.29318.209
MinimumVisualStudioVersion = 10.0.40219.1
Project("{FAE04EC0-301F-11D3-BF4B-00C04F79EFBC}") = "Park-API", "Park-API\Park-API.csproj", "{5DD3476E-109F-4519-89BA-C38E732BBC84}"
EndProject
Global
	GlobalSection(SolutionConfigurationPlatforms) = preSolution
		Debug|Any CPU = Debug|Any CPU
		Release|Any CPU = Release|Any CPU
	EndGlobalSection
	GlobalSection(ProjectConfigurationPlatforms) = postSolution
		{5DD3476E-109F-4519-89BA-C38E732BBC84}.Debug|Any CPU.ActiveCfg = Debug|Any CPU
		{5DD3476E-109F-4519-89BA-C38E732BBC84}.Debug|Any CPU.Build.0 = Debug|Any CPU
		{5DD3476E-109F-4519-89BA-C38E732BBC84}.Release|Any CPU.ActiveCfg = Release|Any CPU
		{5DD3476E-109F-4519-89BA-C38E732BBC84}.Release|Any CPU.Build.0 = Release|Any CPU
	EndGlobalSection
	GlobalSection(SolutionProperties) = preSolution
		HideSolutionNode = FALSE
	EndGlobalSection
	GlobalSection(ExtensibilityGlobals) = postSolution
		SolutionGuid = {A3A307AE-09BF-4037-9CE4-D9039859924A}
	EndGlobalSection
EndGlobal
